
Microsoft Visual Studio Solution File, Format Version 12.00
# Visual Studio 2013
VisualStudioVersion = 12.0.21005.1
MinimumVisualStudioVersion = 10.0.40219.1
Project("{FAE04EC0-301F-11D3-BF4B-00C04F79EFBC}") = "KrabsIOC.Core", "KrabsIOC.Core\KrabsIOC.Core.csproj", "{050F129C-E6B3-4588-B8E5-6FF865493770}"
EndProject
Project("{FAE04EC0-301F-11D3-BF4B-00C04F79EFBC}") = "KrabsIOC.Test", "KrabsIOC.Test\KrabsIOC.Test.csproj", "{231E33E2-012E-4F0F-8236-8FF7987ECAA2}"
EndProject
Global
	GlobalSection(SolutionConfigurationPlatforms) = preSolution
		Debug|Any CPU = Debug|Any CPU
		Release|Any CPU = Release|Any CPU
	EndGlobalSection
	GlobalSection(ProjectConfigurationPlatforms) = postSolution
		{050F129C-E6B3-4588-B8E5-6FF865493770}.Debug|Any CPU.ActiveCfg = Debug|Any CPU
		{050F129C-E6B3-4588-B8E5-6FF865493770}.Debug|Any CPU.Build.0 = Debug|Any CPU
		{050F129C-E6B3-4588-B8E5-6FF865493770}.Release|Any CPU.ActiveCfg = Release|Any CPU
		{050F129C-E6B3-4588-B8E5-6FF865493770}.Release|Any CPU.Build.0 = Release|Any CPU
		{231E33E2-012E-4F0F-8236-8FF7987ECAA2}.Debug|Any CPU.ActiveCfg = Debug|Any CPU
		{231E33E2-012E-4F0F-8236-8FF7987ECAA2}.Debug|Any CPU.Build.0 = Debug|Any CPU
		{231E33E2-012E-4F0F-8236-8FF7987ECAA2}.Release|Any CPU.ActiveCfg = Release|Any CPU
		{231E33E2-012E-4F0F-8236-8FF7987ECAA2}.Release|Any CPU.Build.0 = Release|Any CPU
	EndGlobalSection
	GlobalSection(SolutionProperties) = preSolution
		HideSolutionNode = FALSE
	EndGlobalSection
EndGlobal
